// !$*UTF8*$!
{
	archiveVersion = 1;
	classes = {
	};
	objectVersion = 51;
	objects = {

/* Begin PBXBuildFile section */
		27E785242678FD8D00AFD5E3 /* HotelTableViewCell.swift in Sources */ = {isa = PBXBuildFile; fileRef = 27E785222678FD8D00AFD5E3 /* HotelTableViewCell.swift */; };
		27E785252678FD8D00AFD5E3 /* HotelTableViewCell.xib in Resources */ = {isa = PBXBuildFile; fileRef = 27E785232678FD8D00AFD5E3 /* HotelTableViewCell.xib */; };
		27E785282679065C00AFD5E3 /* Config.swift in Sources */ = {isa = PBXBuildFile; fileRef = 27E785272679065C00AFD5E3 /* Config.swift */; };
		27E7852B26790B7200AFD5E3 /* ResponseHotel.swift in Sources */ = {isa = PBXBuildFile; fileRef = 27E7852A26790B7200AFD5E3 /* ResponseHotel.swift */; };
		27E7852D26790BB900AFD5E3 /* DataHotel.swift in Sources */ = {isa = PBXBuildFile; fileRef = 27E7852C26790BB900AFD5E3 /* DataHotel.swift */; };
		27ECDE45267F9009003A3849 /* DetailViewController.swift in Sources */ = {isa = PBXBuildFile; fileRef = 27ECDE44267F9009003A3849 /* DetailViewController.swift */; };
		27F71AEC267855D500BAD11C /* AppDelegate.swift in Sources */ = {isa = PBXBuildFile; fileRef = 27F71AEB267855D500BAD11C /* AppDelegate.swift */; };
		27F71AEE267855D500BAD11C /* SceneDelegate.swift in Sources */ = {isa = PBXBuildFile; fileRef = 27F71AED267855D500BAD11C /* SceneDelegate.swift */; };
		27F71AF0267855D500BAD11C /* ViewController.swift in Sources */ = {isa = PBXBuildFile; fileRef = 27F71AEF267855D500BAD11C /* ViewController.swift */; };
		27F71AF3267855D500BAD11C /* Main.storyboard in Resources */ = {isa = PBXBuildFile; fileRef = 27F71AF1267855D500BAD11C /* Main.storyboard */; };
		27F71AF5267855D700BAD11C /* Assets.xcassets in Resources */ = {isa = PBXBuildFile; fileRef = 27F71AF4267855D700BAD11C /* Assets.xcassets */; };
		27F71AF8267855D700BAD11C /* LaunchScreen.storyboard in Resources */ = {isa = PBXBuildFile; fileRef = 27F71AF6267855D700BAD11C /* LaunchScreen.storyboard */; };
		F7D9B912F9ED73F2244AC633 /* Pods_purwakartaku.framework in Frameworks */ = {isa = PBXBuildFile; fileRef = 8F36433696F5987A0A9023C5 /* Pods_purwakartaku.framework */; };
/* End PBXBuildFile section */

/* Begin PBXFileReference section */
		0117EF6FB4CE8962B56232E0 /* Pods-purwakartaku.release.xcconfig */ = {isa = PBXFileReference; includeInIndex = 1; lastKnownFileType = text.xcconfig; name = "Pods-purwakartaku.release.xcconfig"; path = "Target Support Files/Pods-purwakartaku/Pods-purwakartaku.release.xcconfig"; sourceTree = "<group>"; };
		27E785222678FD8D00AFD5E3 /* HotelTableViewCell.swift */ = {isa = PBXFileReference; lastKnownFileType = sourcecode.swift; path = HotelTableViewCell.swift; sourceTree = "<group>"; };
		27E785232678FD8D00AFD5E3 /* HotelTableViewCell.xib */ = {isa = PBXFileReference; lastKnownFileType = file.xib; path = HotelTableViewCell.xib; sourceTree = "<group>"; };
		27E785272679065C00AFD5E3 /* Config.swift */ = {isa = PBXFileReference; lastKnownFileType = sourcecode.swift; path = Config.swift; sourceTree = "<group>"; };
		27E7852A26790B7200AFD5E3 /* ResponseHotel.swift */ = {isa = PBXFileReference; lastKnownFileType = sourcecode.swift; path = ResponseHotel.swift; sourceTree = "<group>"; };
		27E7852C26790BB900AFD5E3 /* DataHotel.swift */ = {isa = PBXFileReference; lastKnownFileType = sourcecode.swift; path = DataHotel.swift; sourceTree = "<group>"; };
		27ECDE44267F9009003A3849 /* DetailViewController.swift */ = {isa = PBXFileReference; lastKnownFileType = sourcecode.swift; path = DetailViewController.swift; sourceTree = "<group>"; };
		27F71AE8267855D500BAD11C /* purwakartaku.app */ = {isa = PBXFileReference; explicitFileType = wrapper.application; includeInIndex = 0; path = purwakartaku.app; sourceTree = BUILT_PRODUCTS_DIR; };
		27F71AEB267855D500BAD11C /* AppDelegate.swift */ = {isa = PBXFileReference; lastKnownFileType = sourcecode.swift; path = AppDelegate.swift; sourceTree = "<group>"; };
		27F71AED267855D500BAD11C /* SceneDelegate.swift */ = {isa = PBXFileReference; lastKnownFileType = sourcecode.swift; path = SceneDelegate.swift; sourceTree = "<group>"; };
		27F71AEF267855D500BAD11C /* ViewController.swift */ = {isa = PBXFileReference; lastKnownFileType = sourcecode.swift; path = ViewController.swift; sourceTree = "<group>"; };
		27F71AF2267855D500BAD11C /* Base */ = {isa = PBXFileReference; lastKnownFileType = file.storyboard; name = Base; path = Base.lproj/Main.storyboard; sourceTree = "<group>"; };
		27F71AF4267855D700BAD11C /* Assets.xcassets */ = {isa = PBXFileReference; lastKnownFileType = folder.assetcatalog; path = Assets.xcassets; sourceTree = "<group>"; };
		27F71AF7267855D700BAD11C /* Base */ = {isa = PBXFileReference; lastKnownFileType = file.storyboard; name = Base; path = Base.lproj/LaunchScreen.storyboard; sourceTree = "<group>"; };
		27F71AF9267855D700BAD11C /* Info.plist */ = {isa = PBXFileReference; lastKnownFileType = text.plist.xml; path = Info.plist; sourceTree = "<group>"; };
		5D0478AE475A5B348E1CE557 /* Pods-purwakartaku.debug.xcconfig */ = {isa = PBXFileReference; includeInIndex = 1; lastKnownFileType = text.xcconfig; name = "Pods-purwakartaku.debug.xcconfig"; path = "Target Support Files/Pods-purwakartaku/Pods-purwakartaku.debug.xcconfig"; sourceTree = "<group>"; };
		8F36433696F5987A0A9023C5 /* Pods_purwakartaku.framework */ = {isa = PBXFileReference; explicitFileType = wrapper.framework; includeInIndex = 0; path = Pods_purwakartaku.framework; sourceTree = BUILT_PRODUCTS_DIR; };
/* End PBXFileReference section */

/* Begin PBXFrameworksBuildPhase section */
		27F71AE5267855D500BAD11C /* Frameworks */ = {
			isa = PBXFrameworksBuildPhase;
			buildActionMask = 2147483647;
			files = (
				F7D9B912F9ED73F2244AC633 /* Pods_purwakartaku.framework in Frameworks */,
			);
			runOnlyForDeploymentPostprocessing = 0;
		};
/* End PBXFrameworksBuildPhase section */

/* Begin PBXGroup section */
		04C42D2D589491D34FA31F08 /* Frameworks */ = {
			isa = PBXGroup;
			children = (
				8F36433696F5987A0A9023C5 /* Pods_purwakartaku.framework */,
			);
			name = Frameworks;
			sourceTree = "<group>";
		};
		27E785202678FC9300AFD5E3 /* Controller */ = {
			isa = PBXGroup;
			children = (
				27F71AEF267855D500BAD11C /* ViewController.swift */,
				27E785222678FD8D00AFD5E3 /* HotelTableViewCell.swift */,
				27ECDE44267F9009003A3849 /* DetailViewController.swift */,
			);
			path = Controller;
			sourceTree = "<group>";
		};
		27E785212678FC9B00AFD5E3 /* View */ = {
			isa = PBXGroup;
			children = (
				27F71AF1267855D500BAD11C /* Main.storyboard */,
				27F71AF6267855D700BAD11C /* LaunchScreen.storyboard */,
				27E785232678FD8D00AFD5E3 /* HotelTableViewCell.xib */,
			);
			path = View;
			sourceTree = "<group>";
		};
		27E785262679064A00AFD5E3 /* Config */ = {
			isa = PBXGroup;
			children = (
				27E785272679065C00AFD5E3 /* Config.swift */,
			);
			path = Config;
			sourceTree = "<group>";
		};
		27E7852926790A8E00AFD5E3 /* Model */ = {
			isa = PBXGroup;
			children = (
				27E7852A26790B7200AFD5E3 /* ResponseHotel.swift */,
				27E7852C26790BB900AFD5E3 /* DataHotel.swift */,
			);
			path = Model;
			sourceTree = "<group>";
		};
		27F71ADF267855D500BAD11C = {
			isa = PBXGroup;
			children = (
				27F71AEA267855D500BAD11C /* purwakartaku */,
				27F71AE9267855D500BAD11C /* Products */,
				6B96AE20B8B8FBB5C4DE21DB /* Pods */,
				04C42D2D589491D34FA31F08 /* Frameworks */,
			);
			sourceTree = "<group>";
		};
		27F71AE9267855D500BAD11C /* Products */ = {
			isa = PBXGroup;
			children = (
				27F71AE8267855D500BAD11C /* purwakartaku.app */,
			);
			name = Products;
			sourceTree = "<group>";
		};
		27F71AEA267855D500BAD11C /* purwakartaku */ = {
			isa = PBXGroup;
			children = (
				27E7852926790A8E00AFD5E3 /* Model */,
				27E785262679064A00AFD5E3 /* Config */,
				27E785212678FC9B00AFD5E3 /* View */,
				27E785202678FC9300AFD5E3 /* Controller */,
				27F71AEB267855D500BAD11C /* AppDelegate.swift */,
				27F71AED267855D500BAD11C /* SceneDelegate.swift */,
				27F71AF4267855D700BAD11C /* Assets.xcassets */,
				27F71AF9267855D700BAD11C /* Info.plist */,
			);
			path = purwakartaku;
			sourceTree = "<group>";
		};
		6B96AE20B8B8FBB5C4DE21DB /* Pods */ = {
			isa = PBXGroup;
			children = (
				5D0478AE475A5B348E1CE557 /* Pods-purwakartaku.debug.xcconfig */,
				0117EF6FB4CE8962B56232E0 /* Pods-purwakartaku.release.xcconfig */,
			);
			path = Pods;
			sourceTree = "<group>";
		};
/* End PBXGroup section */

/* Begin PBXNativeTarget section */
		27F71AE7267855D500BAD11C /* purwakartaku */ = {
			isa = PBXNativeTarget;
			buildConfigurationList = 27F71AFC267855D700BAD11C /* Build configuration list for PBXNativeTarget "purwakartaku" */;
			buildPhases = (
				62EEF332605CE4EE13A0EE6F /* [CP] Check Pods Manifest.lock */,
				27F71AE4267855D500BAD11C /* Sources */,
				27F71AE5267855D500BAD11C /* Frameworks */,
				27F71AE6267855D500BAD11C /* Resources */,
				938A118D469AA07475A7D7E7 /* [CP] Embed Pods Frameworks */,
			);
			buildRules = (
			);
			dependencies = (
			);
			name = purwakartaku;
			productName = purwakartaku;
			productReference = 27F71AE8267855D500BAD11C /* purwakartaku.app */;
			productType = "com.apple.product-type.application";
		};
/* End PBXNativeTarget section */

/* Begin PBXProject section */
		27F71AE0267855D500BAD11C /* Project object */ = {
			isa = PBXProject;
			attributes = {
				LastSwiftUpdateCheck = 1250;
				LastUpgradeCheck = 1250;
				TargetAttributes = {
					27F71AE7267855D500BAD11C = {
						CreatedOnToolsVersion = 12.5;
					};
				};
			};
			buildConfigurationList = 27F71AE3267855D500BAD11C /* Build configuration list for PBXProject "purwakartaku" */;
			compatibilityVersion = "Xcode 9.3";
			developmentRegion = en;
			hasScannedForEncodings = 0;
			knownRegions = (
				en,
				Base,
			);
			mainGroup = 27F71ADF267855D500BAD11C;
			productRefGroup = 27F71AE9267855D500BAD11C /* Products */;
			projectDirPath = "";
			projectRoot = "";
			targets = (
				27F71AE7267855D500BAD11C /* purwakartaku */,
			);
		};
/* End PBXProject section */

/* Begin PBXResourcesBuildPhase section */
		27F71AE6267855D500BAD11C /* Resources */ = {
			isa = PBXResourcesBuildPhase;
			buildActionMask = 2147483647;
			files = (
				27F71AF8267855D700BAD11C /* LaunchScreen.storyboard in Resources */,
				27F71AF5267855D700BAD11C /* Assets.xcassets in Resources */,
				27E785252678FD8D00AFD5E3 /* HotelTableViewCell.xib in Resources */,
				27F71AF3267855D500BAD11C /* Main.storyboard in Resources */,
			);
			runOnlyForDeploymentPostprocessing = 0;
		};
/* End PBXResourcesBuildPhase section */

/* Begin PBXShellScriptBuildPhase section */
		62EEF332605CE4EE13A0EE6F /* [CP] Check Pods Manifest.lock */ = {
			isa = PBXShellScriptBuildPhase;
			buildActionMask = 2147483647;
			files = (
			);
			inputFileListPaths = (
			);
			inputPaths = (
				"${PODS_PODFILE_DIR_PATH}/Podfile.lock",
				"${PODS_ROOT}/Manifest.lock",
			);
			name = "[CP] Check Pods Manifest.lock";
			outputFileListPaths = (
			);
			outputPaths = (
				"$(DERIVED_FILE_DIR)/Pods-purwakartaku-checkManifestLockResult.txt",
			);
			runOnlyForDeploymentPostprocessing = 0;
			shellPath = /bin/sh;
			shellScript = "diff \"${PODS_PODFILE_DIR_PATH}/Podfile.lock\" \"${PODS_ROOT}/Manifest.lock\" > /dev/null\nif [ $? != 0 ] ; then\n    # print error to STDERR\n    echo \"error: The sandbox is not in sync with the Podfile.lock. Run 'pod install' or update your CocoaPods installation.\" >&2\n    exit 1\nfi\n# This output is used by Xcode 'outputs' to avoid re-running this script phase.\necho \"SUCCESS\" > \"${SCRIPT_OUTPUT_FILE_0}\"\n";
			showEnvVarsInLog = 0;
		};
		938A118D469AA07475A7D7E7 /* [CP] Embed Pods Frameworks */ = {
			isa = PBXShellScriptBuildPhase;
			buildActionMask = 2147483647;
			files = (
			);
			inputFileListPaths = (
				"${PODS_ROOT}/Target Support Files/Pods-purwakartaku/Pods-purwakartaku-frameworks-${CONFIGURATION}-input-files.xcfilelist",
			);
			name = "[CP] Embed Pods Frameworks";
			outputFileListPaths = (
				"${PODS_ROOT}/Target Support Files/Pods-purwakartaku/Pods-purwakartaku-frameworks-${CONFIGURATION}-output-files.xcfilelist",
			);
			runOnlyForDeploymentPostprocessing = 0;
			shellPath = /bin/sh;
			shellScript = "\"${PODS_ROOT}/Target Support Files/Pods-purwakartaku/Pods-purwakartaku-frameworks.sh\"\n";
			showEnvVarsInLog = 0;
		};
/* End PBXShellScriptBuildPhase section */

/* Begin PBXSourcesBuildPhase section */
		27F71AE4267855D500BAD11C /* Sources */ = {
			isa = PBXSourcesBuildPhase;
			buildActionMask = 2147483647;
			files = (
				27F71AF0267855D500BAD11C /* ViewController.swift in Sources */,
				27F71AEC267855D500BAD11C /* AppDelegate.swift in Sources */,
				27E785282679065C00AFD5E3 /* Config.swift in Sources */,
				27E7852B26790B7200AFD5E3 /* ResponseHotel.swift in Sources */,
				27E785242678FD8D00AFD5E3 /* HotelTableViewCell.swift in Sources */,
				27F71AEE267855D500BAD11C /* SceneDelegate.swift in Sources */,
				27E7852D26790BB900AFD5E3 /* DataHotel.swift in Sources */,
				27ECDE45267F9009003A3849 /* DetailViewController.swift in Sources */,
			);
			runOnlyForDeploymentPostprocessing = 0;
		};
/* End PBXSourcesBuildPhase section */

/* Begin PBXVariantGroup section */
		27F71AF1267855D500BAD11C /* Main.storyboard */ = {
			isa = PBXVariantGroup;
			children = (
				27F71AF2267855D500BAD11C /* Base */,
			);
			name = Main.storyboard;
			sourceTree = "<group>";
		};
		27F71AF6267855D700BAD11C /* LaunchScreen.storyboard */ = {
			isa = PBXVariantGroup;
			children = (
				27F71AF7267855D700BAD11C /* Base */,
			);
			name = LaunchScreen.storyboard;
			sourceTree = "<group>";
		};
/* End PBXVariantGroup section */

/* Begin XCBuildConfiguration section */
		27F71AFA267855D700BAD11C /* Debug */ = {
			isa = XCBuildConfiguration;
			buildSettings = {
				ALWAYS_SEARCH_USER_PATHS = NO;
				CLANG_ANALYZER_NONNULL = YES;
				CLANG_ANALYZER_NUMBER_OBJECT_CONVERSION = YES_AGGRESSIVE;
				CLANG_CXX_LANGUAGE_STANDARD = "gnu++14";
				CLANG_CXX_LIBRARY = "libc++";
				CLANG_ENABLE_MODULES = YES;
				CLANG_ENABLE_OBJC_ARC = YES;
				CLANG_ENABLE_OBJC_WEAK = YES;
				CLANG_WARN_BLOCK_CAPTURE_AUTORELEASING = YES;
				CLANG_WARN_BOOL_CONVERSION = YES;
				CLANG_WARN_COMMA = YES;
				CLANG_WARN_CONSTANT_CONVERSION = YES;
				CLANG_WARN_DEPRECATED_OBJC_IMPLEMENTATIONS = YES;
				CLANG_WARN_DIRECT_OBJC_ISA_USAGE = YES_ERROR;
				CLANG_WARN_DOCUMENTATION_COMMENTS = YES;
				CLANG_WARN_EMPTY_BODY = YES;
				CLANG_WARN_ENUM_CONVERSION = YES;
				CLANG_WARN_INFINITE_RECURSION = YES;
				CLANG_WARN_INT_CONVERSION = YES;
				CLANG_WARN_NON_LITERAL_NULL_CONVERSION = YES;
				CLANG_WARN_OBJC_IMPLICIT_RETAIN_SELF = YES;
				CLANG_WARN_OBJC_LITERAL_CONVERSION = YES;
				CLANG_WARN_OBJC_ROOT_CLASS = YES_ERROR;
				CLANG_WARN_QUOTED_INCLUDE_IN_FRAMEWORK_HEADER = YES;
				CLANG_WARN_RANGE_LOOP_ANALYSIS = YES;
				CLANG_WARN_STRICT_PROTOTYPES = YES;
				CLANG_WARN_SUSPICIOUS_MOVE = YES;
				CLANG_WARN_UNGUARDED_AVAILABILITY = YES_AGGRESSIVE;
				CLANG_WARN_UNREACHABLE_CODE = YES;
				CLANG_WARN__DUPLICATE_METHOD_MATCH = YES;
				COPY_PHASE_STRIP = NO;
				DEBUG_INFORMATION_FORMAT = dwarf;
				ENABLE_STRICT_OBJC_MSGSEND = YES;
				ENABLE_TESTABILITY = YES;
				GCC_C_LANGUAGE_STANDARD = gnu11;
				GCC_DYNAMIC_NO_PIC = NO;
				GCC_NO_COMMON_BLOCKS = YES;
				GCC_OPTIMIZATION_LEVEL = 0;
				GCC_PREPROCESSOR_DEFINITIONS = (
					"DEBUG=1",
					"$(inherited)",
				);
				GCC_WARN_64_TO_32_BIT_CONVERSION = YES;
				GCC_WARN_ABOUT_RETURN_TYPE = YES_ERROR;
				GCC_WARN_UNDECLARED_SELECTOR = YES;
				GCC_WARN_UNINITIALIZED_AUTOS = YES_AGGRESSIVE;
				GCC_WARN_UNUSED_FUNCTION = YES;
				GCC_WARN_UNUSED_VARIABLE = YES;
				IPHONEOS_DEPLOYMENT_TARGET = 14.5;
				MTL_ENABLE_DEBUG_INFO = INCLUDE_SOURCE;
				MTL_FAST_MATH = YES;
				ONLY_ACTIVE_ARCH = YES;
				SDKROOT = iphoneos;
				SWIFT_ACTIVE_COMPILATION_CONDITIONS = DEBUG;
				SWIFT_OPTIMIZATION_LEVEL = "-Onone";
			};
			name = Debug;
		};
		27F71AFB267855D700BAD11C /* Release */ = {
			isa = XCBuildConfiguration;
			buildSettings = {
				ALWAYS_SEARCH_USER_PATHS = NO;
				CLANG_ANALYZER_NONNULL = YES;
				CLANG_ANALYZER_NUMBER_OBJECT_CONVERSION = YES_AGGRESSIVE;
				CLANG_CXX_LANGUAGE_STANDARD = "gnu++14";
				CLANG_CXX_LIBRARY = "libc++";
				CLANG_ENABLE_MODULES = YES;
				CLANG_ENABLE_OBJC_ARC = YES;
				CLANG_ENABLE_OBJC_WEAK = YES;
				CLANG_WARN_BLOCK_CAPTURE_AUTORELEASING = YES;
				CLANG_WARN_BOOL_CONVERSION = YES;
				CLANG_WARN_COMMA = YES;
				CLANG_WARN_CONSTANT_CONVERSION = YES;
				CLANG_WARN_DEPRECATED_OBJC_IMPLEMENTATIONS = YES;
				CLANG_WARN_DIRECT_OBJC_ISA_USAGE = YES_ERROR;
				CLANG_WARN_DOCUMENTATION_COMMENTS = YES;
				CLANG_WARN_EMPTY_BODY = YES;
				CLANG_WARN_ENUM_CONVERSION = YES;
				CLANG_WARN_INFINITE_RECURSION = YES;
				CLANG_WARN_INT_CONVERSION = YES;
				CLANG_WARN_NON_LITERAL_NULL_CONVERSION = YES;
				CLANG_WARN_OBJC_IMPLICIT_RETAIN_SELF = YES;
				CLANG_WARN_OBJC_LITERAL_CONVERSION = YES;
				CLANG_WARN_OBJC_ROOT_CLASS = YES_ERROR;
				CLANG_WARN_QUOTED_INCLUDE_IN_FRAMEWORK_HEADER = YES;
				CLANG_WARN_RANGE_LOOP_ANALYSIS = YES;
				CLANG_WARN_STRICT_PROTOTYPES = YES;
				CLANG_WARN_SUSPICIOUS_MOVE = YES;
				CLANG_WARN_UNGUARDED_AVAILABILITY = YES_AGGRESSIVE;
				CLANG_WARN_UNREACHABLE_CODE = YES;
				CLANG_WARN__DUPLICATE_METHOD_MATCH = YES;
				COPY_PHASE_STRIP = NO;
				DEBUG_INFORMATION_FORMAT = "dwarf-with-dsym";
				ENABLE_NS_ASSERTIONS = NO;
				ENABLE_STRICT_OBJC_MSGSEND = YES;
				GCC_C_LANGUAGE_STANDARD = gnu11;
				GCC_NO_COMMON_BLOCKS = YES;
				GCC_WARN_64_TO_32_BIT_CONVERSION = YES;
				GCC_WARN_ABOUT_RETURN_TYPE = YES_ERROR;
				GCC_WARN_UNDECLARED_SELECTOR = YES;
				GCC_WARN_UNINITIALIZED_AUTOS = YES_AGGRESSIVE;
				GCC_WARN_UNUSED_FUNCTION = YES;
				GCC_WARN_UNUSED_VARIABLE = YES;
				IPHONEOS_DEPLOYMENT_TARGET = 14.5;
				MTL_ENABLE_DEBUG_INFO = NO;
				MTL_FAST_MATH = YES;
				SDKROOT = iphoneos;
				SWIFT_COMPILATION_MODE = wholemodule;
				SWIFT_OPTIMIZATION_LEVEL = "-O";
				VALIDATE_PRODUCT = YES;
			};
			name = Release;
		};
		27F71AFD267855D700BAD11C /* Debug */ = {
			isa = XCBuildConfiguration;
			baseConfigurationReference = 5D0478AE475A5B348E1CE557 /* Pods-purwakartaku.debug.xcconfig */;
			buildSettings = {
				ASSETCATALOG_COMPILER_APPICON_NAME = AppIcon;
				ASSETCATALOG_COMPILER_GLOBAL_ACCENT_COLOR_NAME = AccentColor;
				CODE_SIGN_STYLE = Automatic;
				DEVELOPMENT_TEAM = 59V3FLX595;
				INFOPLIST_FILE = purwakartaku/Info.plist;
				LD_RUNPATH_SEARCH_PATHS = (
					"$(inherited)",
					"@executable_path/Frameworks",
				);
				PRODUCT_BUNDLE_IDENTIFIER = com.oratakashi.purwakartaku;
				PRODUCT_NAME = "$(TARGET_NAME)";
				SWIFT_VERSION = 5.0;
				TARGETED_DEVICE_FAMILY = 1;
			};
			name = Debug;
		};
		27F71AFE267855D700BAD11C /* Release */ = {
			isa = XCBuildConfiguration;
			baseConfigurationReference = 0117EF6FB4CE8962B56232E0 /* Pods-purwakartaku.release.xcconfig */;
			buildSettings = {
				ASSETCATALOG_COMPILER_APPICON_NAME = AppIcon;
				ASSETCATALOG_COMPILER_GLOBAL_ACCENT_COLOR_NAME = AccentColor;
				CODE_SIGN_STYLE = Automatic;
				DEVELOPMENT_TEAM = 59V3FLX595;
				INFOPLIST_FILE = purwakartaku/Info.plist;
				LD_RUNPATH_SEARCH_PATHS = (
					"$(inherited)",
					"@executable_path/Frameworks",
				);
				PRODUCT_BUNDLE_IDENTIFIER = com.oratakashi.purwakartaku;
				PRODUCT_NAME = "$(TARGET_NAME)";
				SWIFT_VERSION = 5.0;
				TARGETED_DEVICE_FAMILY = 1;
			};
			name = Release;
		};
/* End XCBuildConfiguration section */

/* Begin XCConfigurationList section */
		27F71AE3267855D500BAD11C /* Build configuration list for PBXProject "purwakartaku" */ = {
			isa = XCConfigurationList;
			buildConfigurations = (
				27F71AFA267855D700BAD11C /* Debug */,
				27F71AFB267855D700BAD11C /* Release */,
			);
			defaultConfigurationIsVisible = 0;
			defaultConfigurationName = Release;
		};
		27F71AFC267855D700BAD11C /* Build configuration list for PBXNativeTarget "purwakartaku" */ = {
			isa = XCConfigurationList;
			buildConfigurations = (
				27F71AFD267855D700BAD11C /* Debug */,
				27F71AFE267855D700BAD11C /* Release */,
			);
			defaultConfigurationIsVisible = 0;
			defaultConfigurationName = Release;
		};
/* End XCConfigurationList section */
	};
	rootObject = 27F71AE0267855D500BAD11C /* Project object */;
}
